
Microsoft Visual Studio Solution File, Format Version 12.00
# Visual Studio Version 16
VisualStudioVersion = 16.0.31205.134
MinimumVisualStudioVersion = 10.0.40219.1
Project("{FAE04EC0-301F-11D3-BF4B-00C04F79EFBC}") = "MMTR", "MMTR\MMTR.csproj", "{04FB639A-F804-420A-859B-3C26647DCF6C}"
EndProject
Global
	GlobalSection(SolutionConfigurationPlatforms) = preSolution
		Debug|Any CPU = Debug|Any CPU
		Release|Any CPU = Release|Any CPU
	EndGlobalSection
	GlobalSection(ProjectConfigurationPlatforms) = postSolution
		{04FB639A-F804-420A-859B-3C26647DCF6C}.Debug|Any CPU.ActiveCfg = Debug|Any CPU
		{04FB639A-F804-420A-859B-3C26647DCF6C}.Debug|Any CPU.Build.0 = Debug|Any CPU
		{04FB639A-F804-420A-859B-3C26647DCF6C}.Release|Any CPU.ActiveCfg = Release|Any CPU
		{04FB639A-F804-420A-859B-3C26647DCF6C}.Release|Any CPU.Build.0 = Release|Any CPU
	EndGlobalSection
	GlobalSection(SolutionProperties) = preSolution
		HideSolutionNode = FALSE
	EndGlobalSection
	GlobalSection(ExtensibilityGlobals) = postSolution
		SolutionGuid = {795ED8AA-C475-40AA-B026-574DF396B232}
	EndGlobalSection
EndGlobal
